
Microsoft Visual Studio Solution File, Format Version 12.00
# Visual Studio 15
VisualStudioVersion = 15.0.27703.2035
MinimumVisualStudioVersion = 10.0.40219.1
Project("{FAE04EC0-301F-11D3-BF4B-00C04F79EFBC}") = "ShopDemo", "ShopDemo\ShopDemo.csproj", "{59C2EECE-490F-4B04-A3E3-672A9B55981D}"
EndProject
Global
	GlobalSection(SolutionConfigurationPlatforms) = preSolution
		Debug|Any CPU = Debug|Any CPU
		Release|Any CPU = Release|Any CPU
	EndGlobalSection
	GlobalSection(ProjectConfigurationPlatforms) = postSolution
		{59C2EECE-490F-4B04-A3E3-672A9B55981D}.Debug|Any CPU.ActiveCfg = Debug|Any CPU
		{59C2EECE-490F-4B04-A3E3-672A9B55981D}.Debug|Any CPU.Build.0 = Debug|Any CPU
		{59C2EECE-490F-4B04-A3E3-672A9B55981D}.Release|Any CPU.ActiveCfg = Release|Any CPU
		{59C2EECE-490F-4B04-A3E3-672A9B55981D}.Release|Any CPU.Build.0 = Release|Any CPU
	EndGlobalSection
	GlobalSection(SolutionProperties) = preSolution
		HideSolutionNode = FALSE
	EndGlobalSection
	GlobalSection(ExtensibilityGlobals) = postSolution
		SolutionGuid = {C5D93766-B3E2-44EF-B04A-ACE524D7E0C7}
	EndGlobalSection
EndGlobal
